<?xml version="1.0" encoding="utf-8"?>
<Project ToolsVersion="4.0" xmlns="http://schemas.microsoft.com/developer/msbuild/2003">
  <ItemGroup>
    <Filter Include="Source Files">
      <UniqueIdentifier>{4FC737F1-C7A5-4376-A066-2A32D752A2FF}</UniqueIdentifier>
      <Extensions>cpp;c;cc;cxx;c++;cppm;ixx;def;odl;idl;hpj;bat;asm;asmx</Extensions>
    </Filter>
    <Filter Include="Resource Files">
      <UniqueIdentifier>{67DA6AB6-F800-4c08-8B7A-83BB121AAD01}</UniqueIdentifier>
      <Extensions>rc;ico;cur;bmp;dlg;rc2;rct;bin;rgs;gif;jpg;jpeg;jpe;resx;tiff;tif;png;wav;mfcribbon-ms</Extensions>
    </Filter>
    <Filter Include="Header Files">
      <UniqueIdentifier>{93995380-89BD-4b04-88EB-625FBE52EBFB}</UniqueIdentifier>
      <Extensions>h;hh;hpp;hxx;h++;hm;inl;inc;ipp;xsd</Extensions>
    </Filter>
    <Filter Include="Framework">
      <UniqueIdentifier>{516bf2b0-25a5-485b-98f6-8879b5b43114}</UniqueIdentifier>
    </Filter>
    <Filter Include="Framework\02.Manager">
      <UniqueIdentifier>{83cb2b6e-0a07-499c-92ce-68b389241ad8}</UniqueIdentifier>
    </Filter>
    <Filter Include="Framework\02.Manager\InputManager">
      <UniqueIdentifier>{9acc1b6f-db0d-4fbf-8edd-600839bf2196}</UniqueIdentifier>
    </Filter>
    <Filter Include="Framework\02.Manager\PathManager">
      <UniqueIdentifier>{5568d24d-6b70-4c3e-9a57-3a93e92adb27}</UniqueIdentifier>
    </Filter>
    <Filter Include="Framework\04.Component">
      <UniqueIdentifier>{b6ea4fb6-8d7e-4301-9c20-bda2825da9e4}</UniqueIdentifier>
    </Filter>
    <Filter Include="Framework\04.Component\Animator">
      <UniqueIdentifier>{3f21ea6d-d3fa-43e6-97e0-c3e938c3a729}</UniqueIdentifier>
    </Filter>
    <Filter Include="Framework\04.Component\Animator\Animation">
      <UniqueIdentifier>{bef01982-7616-44d8-8c6a-4a210ecd1c08}</UniqueIdentifier>
    </Filter>
    <Filter Include="Framework\05.Resource">
      <UniqueIdentifier>{8fc7d65d-da8e-4f6c-8d84-9981661d5492}</UniqueIdentifier>
    </Filter>
    <Filter Include="Framework\05.Resource\CTexture">
      <UniqueIdentifier>{afac9c0a-68e3-4bac-a1c4-1d523b7f729e}</UniqueIdentifier>
    </Filter>
    <Filter Include="Framework\06.Object">
      <UniqueIdentifier>{a4df2d91-2bdc-4331-8b98-b7cfbe39972f}</UniqueIdentifier>
    </Filter>
    <Filter Include="Framework\01.Engine">
      <UniqueIdentifier>{b05d2204-9e90-4ef6-9376-7c48628dab73}</UniqueIdentifier>
    </Filter>
    <Filter Include="Framework\06.Object\UI">
      <UniqueIdentifier>{6e7c8554-99e2-48c0-9307-19e4191eee50}</UniqueIdentifier>
    </Filter>
    <Filter Include="Framework\04.Component\Transform2D">
      <UniqueIdentifier>{072aa963-de06-4f17-8eee-1dcd44d3691e}</UniqueIdentifier>
    </Filter>
    <Filter Include="Framework\02.Manager\ResourceManager">
      <UniqueIdentifier>{a1e2c15f-4911-4215-8b55-98a90cf2cb84}</UniqueIdentifier>
    </Filter>
    <Filter Include="Framework\02.Manager\UIManager">
      <UniqueIdentifier>{8ca485bd-764d-44bc-8ac3-3bc764cf1b5a}</UniqueIdentifier>
    </Filter>
    <Filter Include="Framework\06.Object\UI\UI_Animation">
      <UniqueIdentifier>{2611cfed-d6dd-4eef-9b6f-2f7621f0a907}</UniqueIdentifier>
    </Filter>
    <Filter Include="Framework\02.Manager\TimeManager">
      <UniqueIdentifier>{1cf1fdd8-9160-4b9a-b27d-f122dc461ec4}</UniqueIdentifier>
    </Filter>
    <Filter Include="Framework\06.Object\UI\UI_Button">
      <UniqueIdentifier>{75b79dde-68e6-403a-aca9-28b23930e66e}</UniqueIdentifier>
    </Filter>
    <Filter Include="Framework\04.Component\Rigidbody">
      <UniqueIdentifier>{bbe5fc4c-f3ee-4e66-9ef7-d6e79285558e}</UniqueIdentifier>
    </Filter>
    <Filter Include="Framework\07.Factory">
      <UniqueIdentifier>{364fada1-9abe-43a9-ae6b-ea1f47477be8}</UniqueIdentifier>
    </Filter>
    <Filter Include="Framework\06.Object\Tile">
      <UniqueIdentifier>{4ec5f232-b661-430a-8c8f-0300e71561e2}</UniqueIdentifier>
    </Filter>
    <Filter Include="Framework\04.Component\Skin">
      <UniqueIdentifier>{a83f914b-54f4-4456-b717-752dd4fbfe28}</UniqueIdentifier>
    </Filter>
    <Filter Include="Framework\07.Factory\OldFactory">
      <UniqueIdentifier>{40e6fe6e-900e-4ac9-8543-2c8d5ffe7207}</UniqueIdentifier>
    </Filter>
    <Filter Include="Framework\07.Factory\Factory">
      <UniqueIdentifier>{836cc098-23cf-41f5-aac7-db8f64d60437}</UniqueIdentifier>
    </Filter>
    <Filter Include="Framework\06.Object\Item">
      <UniqueIdentifier>{b3d54d4a-3fa2-4995-8cb3-cd4319474b62}</UniqueIdentifier>
    </Filter>
    <Filter Include="Framework\02.Manager\TileManager">
      <UniqueIdentifier>{f2fd06e1-0c1d-4bf4-84b7-7048dd7e7c96}</UniqueIdentifier>
    </Filter>
    <Filter Include="Framework\04.Component\Collider">
      <UniqueIdentifier>{b1121c8e-5fbd-44b0-a993-556e34dbe289}</UniqueIdentifier>
    </Filter>
    <Filter Include="Framework\04.Component\Collider\BoxCollider">
      <UniqueIdentifier>{8b23a895-fe77-4ea1-a46d-6f79f848a30f}</UniqueIdentifier>
    </Filter>
    <Filter Include="Framework\04.Component\Collider\CircleCollider">
      <UniqueIdentifier>{7b05b4cc-6c18-49f7-8002-f683bbd9e2d6}</UniqueIdentifier>
    </Filter>
    <Filter Include="Framework\02.Manager\CollisionManager">
      <UniqueIdentifier>{6caa11c6-e99c-45a2-b41e-89f2fbf012a0}</UniqueIdentifier>
    </Filter>
    <Filter Include="Framework\03.Scene">
      <UniqueIdentifier>{bfc25e68-5094-45df-b0e1-a20126245f84}</UniqueIdentifier>
    </Filter>
    <Filter Include="Framework\03.Scene\Tool">
      <UniqueIdentifier>{15f02bd7-81c4-4f3c-808c-8ab93b12fa8c}</UniqueIdentifier>
    </Filter>
    <Filter Include="Framework\03.Scene\Tool\AnimationTool">
      <UniqueIdentifier>{908fee7b-531f-4d14-a6ae-f60d19b67de1}</UniqueIdentifier>
    </Filter>
    <Filter Include="Framework\03.Scene\World">
      <UniqueIdentifier>{187238d6-be2e-40c7-8e74-c543d7ec4061}</UniqueIdentifier>
    </Filter>
    <Filter Include="Framework\06.Object\Mover">
      <UniqueIdentifier>{f7cd1e23-0889-402f-87ed-e3a0a48dc1e7}</UniqueIdentifier>
    </Filter>
    <Filter Include="Framework\06.Object\Mover\Player">
      <UniqueIdentifier>{9243b94d-c34f-4399-a78b-24472b391b8e}</UniqueIdentifier>
    </Filter>
    <Filter Include="Framework\02.Manager\Camera">
      <UniqueIdentifier>{4499d066-c1e5-449d-9139-2544124a30b4}</UniqueIdentifier>
    </Filter>
    <Filter Include="Framework\06.Object\BackGround">
      <UniqueIdentifier>{9490dcc0-7c48-4544-9561-f0034094f97a}</UniqueIdentifier>
    </Filter>
    <Filter Include="Framework\06.Object\UI\UI_Inventory">
      <UniqueIdentifier>{fab73b45-9be1-434e-aefd-b5b9204aebfb}</UniqueIdentifier>
    </Filter>
    <Filter Include="Framework\06.Object\UI\UI_Inventory\UI_ItemPocket">
      <UniqueIdentifier>{81747251-9ea1-44b1-aaa1-e2cbf2468f00}</UniqueIdentifier>
    </Filter>
    <Filter Include="Framework\06.Object\Item\CTool">
      <UniqueIdentifier>{ea3d22ed-9884-4fec-9a81-fbc4ab6b8649}</UniqueIdentifier>
    </Filter>
    <Filter Include="Framework\06.Object\Item\CTileBlock">
      <UniqueIdentifier>{41fadcf4-19cd-4d11-b23b-6d0a3a7e20bc}</UniqueIdentifier>
    </Filter>
    <Filter Include="Framework\06.Object\Item\CTool\CWeapon">
      <UniqueIdentifier>{75ccd243-8fc9-45c1-a78f-520c04f9a4fa}</UniqueIdentifier>
    </Filter>
    <Filter Include="Framework\06.Object\Item\CTool\CWeapon\CSword">
      <UniqueIdentifier>{1e1568fe-5261-4444-87cd-2b85fe5d1628}</UniqueIdentifier>
    </Filter>
    <Filter Include="Framework\06.Object\Item\CTool\CWeapon\CGun">
      <UniqueIdentifier>{04295a3e-e0c9-48c3-a133-9ca3226a4d02}</UniqueIdentifier>
    </Filter>
    <Filter Include="Framework\02.Manager\CFrameManager">
      <UniqueIdentifier>{b59920c7-6cac-4d27-ba6d-09aa035e7778}</UniqueIdentifier>
    </Filter>
    <Filter Include="Framework\06.Object\UI\UI_Health">
      <UniqueIdentifier>{ac438c00-8f8f-4d92-b4c1-1ec302dfea70}</UniqueIdentifier>
    </Filter>
    <Filter Include="Framework\02.Manager\SceneManager">
      <UniqueIdentifier>{49973472-2200-493a-a392-fa24279c1c64}</UniqueIdentifier>
    </Filter>
  </ItemGroup>
  <ItemGroup>
    <ClInclude Include="framework.h">
      <Filter>Header Files</Filter>
    </ClInclude>
    <ClInclude Include="targetver.h">
      <Filter>Header Files</Filter>
    </ClInclude>
    <ClInclude Include="Resource.h">
      <Filter>Header Files</Filter>
    </ClInclude>
    <ClInclude Include="Terraria.h">
      <Filter>Header Files</Filter>
    </ClInclude>
    <ClInclude Include="CInputMgr.h">
      <Filter>Framework\02.Manager\InputManager</Filter>
    </ClInclude>
    <ClInclude Include="pch.h" />
    <ClInclude Include="struct.h" />
    <ClInclude Include="define.h" />
    <ClInclude Include="CSceneMgr.h">
      <Filter>Framework\02.Manager\SceneManager</Filter>
    </ClInclude>
    <ClInclude Include="CAnimationTool.h">
      <Filter>Framework\03.Scene\Tool\AnimationTool</Filter>
    </ClInclude>
    <ClInclude Include="CScene.h">
      <Filter>Framework\03.Scene</Filter>
    </ClInclude>
    <ClInclude Include="CComponent.h">
      <Filter>Framework\04.Component</Filter>
    </ClInclude>
    <ClInclude Include="CAnimator.h">
      <Filter>Framework\04.Component\Animator</Filter>
    </ClInclude>
    <ClInclude Include="CAnimation.h">
      <Filter>Framework\04.Component\Animator\Animation</Filter>
    </ClInclude>
    <ClInclude Include="CPathMgr.h">
      <Filter>Framework\02.Manager\PathManager</Filter>
    </ClInclude>
    <ClInclude Include="CResource.h">
      <Filter>Framework\05.Resource</Filter>
    </ClInclude>
    <ClInclude Include="CTexture.h">
      <Filter>Framework\05.Resource\CTexture</Filter>
    </ClInclude>
    <ClInclude Include="CPlayer.h">
      <Filter>Framework\06.Object\Mover\Player</Filter>
    </ClInclude>
    <ClInclude Include="CObject.h">
      <Filter>Framework\06.Object</Filter>
    </ClInclude>
    <ClInclude Include="CEngine.h">
      <Filter>Framework\01.Engine</Filter>
    </ClInclude>
    <ClInclude Include="CUI.h">
      <Filter>Framework\06.Object\UI</Filter>
    </ClInclude>
    <ClInclude Include="CTransform2D.h">
      <Filter>Framework\04.Component\Transform2D</Filter>
    </ClInclude>
    <ClInclude Include="CResourceMgr.h">
      <Filter>Framework\02.Manager\ResourceManager</Filter>
    </ClInclude>
    <ClInclude Include="Function.h" />
    <ClInclude Include="CUIManager.h">
      <Filter>Framework\02.Manager\UIManager</Filter>
    </ClInclude>
    <ClInclude Include="CAnimationUI.h">
      <Filter>Framework\06.Object\UI\UI_Animation</Filter>
    </ClInclude>
    <ClInclude Include="CTimeMgr.h">
      <Filter>Framework\02.Manager\TimeManager</Filter>
    </ClInclude>
    <ClInclude Include="CButtonUI.h">
      <Filter>Framework\06.Object\UI\UI_Button</Filter>
    </ClInclude>
    <ClInclude Include="CWorld.h">
      <Filter>Framework\03.Scene\World</Filter>
    </ClInclude>
    <ClInclude Include="CRigidbody.h">
      <Filter>Framework\04.Component\Rigidbody</Filter>
    </ClInclude>
    <ClInclude Include="CTile.h">
      <Filter>Framework\06.Object\Tile</Filter>
    </ClInclude>
    <ClInclude Include="CSkin.h">
      <Filter>Framework\04.Component\Skin</Filter>
    </ClInclude>
    <ClInclude Include="CFactory.h">
      <Filter>Framework\07.Factory\OldFactory</Filter>
    </ClInclude>
    <ClInclude Include="CFactory2.h">
      <Filter>Framework\07.Factory\Factory</Filter>
    </ClInclude>
    <ClInclude Include="CTileMgr.h">
      <Filter>Framework\02.Manager\TileManager</Filter>
    </ClInclude>
    <ClInclude Include="CBoxCollider.h">
      <Filter>Framework\04.Component\Collider\BoxCollider</Filter>
    </ClInclude>
    <ClInclude Include="CCircleCollider.h">
      <Filter>Framework\04.Component\Collider\CircleCollider</Filter>
    </ClInclude>
    <ClInclude Include="CCollider.h">
      <Filter>Framework\04.Component\Collider</Filter>
    </ClInclude>
    <ClInclude Include="CCollisionMgr.h">
      <Filter>Framework\02.Manager\CollisionManager</Filter>
    </ClInclude>
    <ClInclude Include="CMover.h">
      <Filter>Framework\06.Object\Mover</Filter>
    </ClInclude>
    <ClInclude Include="CCamera.h">
      <Filter>Framework\02.Manager\Camera</Filter>
    </ClInclude>
    <ClInclude Include="CBackGround.h">
      <Filter>Framework\06.Object\BackGround</Filter>
    </ClInclude>
    <ClInclude Include="CItemPocketUI.h">
      <Filter>Framework\06.Object\UI\UI_Inventory\UI_ItemPocket</Filter>
    </ClInclude>
    <ClInclude Include="CInventoryUI.h">
      <Filter>Framework\06.Object\UI\UI_Inventory</Filter>
    </ClInclude>
    <ClInclude Include="CItem.h">
      <Filter>Framework\06.Object\Item</Filter>
    </ClInclude>
    <ClInclude Include="CTileBlock.h">
      <Filter>Framework\06.Object\Item\CTileBlock</Filter>
    </ClInclude>
    <ClInclude Include="CTool.h">
      <Filter>Framework\06.Object\Item\CTool</Filter>
    </ClInclude>
    <ClInclude Include="CGun.h">
      <Filter>Framework\06.Object\Item\CTool\CWeapon\CGun</Filter>
    </ClInclude>
    <ClInclude Include="CSword.h">
      <Filter>Framework\06.Object\Item\CTool\CWeapon\CSword</Filter>
    </ClInclude>
    <ClInclude Include="CFrameMgr.h">
      <Filter>Framework\02.Manager\CFrameManager</Filter>
    </ClInclude>
    <ClInclude Include="CHealthUI.h">
      <Filter>Framework\06.Object\UI\UI_Health</Filter>
    </ClInclude>
  </ItemGroup>
  <ItemGroup>
    <ClCompile Include="Terraria.cpp">
      <Filter>Source Files</Filter>
    </ClCompile>
    <ClCompile Include="CInputMgr.cpp">
      <Filter>Framework\02.Manager\InputManager</Filter>
    </ClCompile>
    <ClCompile Include="CSceneMgr.cpp">
      <Filter>Framework\02.Manager\SceneManager</Filter>
    </ClCompile>
    <ClCompile Include="CAnimationTool.cpp">
      <Filter>Framework\03.Scene\Tool\AnimationTool</Filter>
    </ClCompile>
    <ClCompile Include="CScene.cpp">
      <Filter>Framework\03.Scene</Filter>
    </ClCompile>
    <ClCompile Include="CComponent.cpp">
      <Filter>Framework\04.Component</Filter>
    </ClCompile>
    <ClCompile Include="CAnimator.cpp">
      <Filter>Framework\04.Component\Animator</Filter>
    </ClCompile>
    <ClCompile Include="CAnimation.cpp">
      <Filter>Framework\04.Component\Animator\Animation</Filter>
    </ClCompile>
    <ClCompile Include="CPathMgr.cpp">
      <Filter>Framework\02.Manager\PathManager</Filter>
    </ClCompile>
    <ClCompile Include="CResource.cpp">
      <Filter>Framework\05.Resource</Filter>
    </ClCompile>
    <ClCompile Include="CTexture.cpp">
      <Filter>Framework\05.Resource\CTexture</Filter>
    </ClCompile>
    <ClCompile Include="CPlayer.cpp">
      <Filter>Framework\06.Object\Mover\Player</Filter>
    </ClCompile>
    <ClCompile Include="CObject.cpp">
      <Filter>Framework\06.Object</Filter>
    </ClCompile>
    <ClCompile Include="CEngine.cpp">
      <Filter>Framework\01.Engine</Filter>
    </ClCompile>
    <ClCompile Include="CUI.cpp">
      <Filter>Framework\06.Object\UI</Filter>
    </ClCompile>
    <ClCompile Include="CTransform2D.cpp">
      <Filter>Framework\04.Component\Transform2D</Filter>
    </ClCompile>
    <ClCompile Include="CResourceMgr.cpp">
      <Filter>Framework\02.Manager\ResourceManager</Filter>
    </ClCompile>
    <ClCompile Include="CUIManager.cpp">
      <Filter>Framework\02.Manager\UIManager</Filter>
    </ClCompile>
    <ClCompile Include="CAnimationUI.cpp">
      <Filter>Framework\06.Object\UI\UI_Animation</Filter>
    </ClCompile>
    <ClCompile Include="CTimeMgr.cpp">
      <Filter>Framework\02.Manager\TimeManager</Filter>
    </ClCompile>
    <ClCompile Include="CButtonUI.cpp">
      <Filter>Framework\06.Object\UI\UI_Button</Filter>
    </ClCompile>
    <ClCompile Include="CWorld.cpp">
      <Filter>Framework\03.Scene\World</Filter>
    </ClCompile>
    <ClCompile Include="CRigidbody.cpp">
      <Filter>Framework\04.Component\Rigidbody</Filter>
    </ClCompile>
    <ClCompile Include="CTile.cpp">
      <Filter>Framework\06.Object\Tile</Filter>
    </ClCompile>
    <ClCompile Include="CSkin.cpp">
      <Filter>Framework\04.Component\Skin</Filter>
    </ClCompile>
    <ClCompile Include="CFactory2.cpp">
      <Filter>Framework\07.Factory\Factory</Filter>
    </ClCompile>
    <ClCompile Include="CTileMgr.cpp">
      <Filter>Framework\02.Manager\TileManager</Filter>
    </ClCompile>
    <ClCompile Include="CBoxCollider.cpp">
      <Filter>Framework\04.Component\Collider\BoxCollider</Filter>
    </ClCompile>
    <ClCompile Include="CCircleCollider.cpp">
      <Filter>Framework\04.Component\Collider\CircleCollider</Filter>
    </ClCompile>
    <ClCompile Include="CCollider.cpp">
      <Filter>Framework\04.Component\Collider</Filter>
    </ClCompile>
    <ClCompile Include="CCollisionMgr.cpp">
      <Filter>Framework\02.Manager\CollisionManager</Filter>
    </ClCompile>
    <ClCompile Include="CMover.cpp">
      <Filter>Framework\06.Object\Mover</Filter>
    </ClCompile>
    <ClCompile Include="CCamera.cpp">
      <Filter>Framework\02.Manager\Camera</Filter>
    </ClCompile>
    <ClCompile Include="CBackGround.cpp">
      <Filter>Framework\06.Object\BackGround</Filter>
    </ClCompile>
    <ClCompile Include="CItemPocketUI.cpp">
      <Filter>Framework\06.Object\UI\UI_Inventory\UI_ItemPocket</Filter>
    </ClCompile>
    <ClCompile Include="CInventoryUI.cpp">
      <Filter>Framework\06.Object\UI\UI_Inventory</Filter>
    </ClCompile>
    <ClCompile Include="CItem.cpp">
      <Filter>Framework\06.Object\Item</Filter>
    </ClCompile>
    <ClCompile Include="CTileBlock.cpp">
      <Filter>Framework\06.Object\Item\CTileBlock</Filter>
    </ClCompile>
    <ClCompile Include="CTool.cpp">
      <Filter>Framework\06.Object\Item\CTool</Filter>
    </ClCompile>
    <ClCompile Include="CGun.cpp">
      <Filter>Framework\06.Object\Item\CTool\CWeapon\CGun</Filter>
    </ClCompile>
    <ClCompile Include="CSword.cpp">
      <Filter>Framework\06.Object\Item\CTool\CWeapon\CSword</Filter>
    </ClCompile>
    <ClCompile Include="CFrameMgr.cpp">
      <Filter>Framework\02.Manager\CFrameManager</Filter>
    </ClCompile>
    <ClCompile Include="CHealthUI.cpp">
      <Filter>Framework\06.Object\UI\UI_Health</Filter>
    </ClCompile>
  </ItemGroup>
  <ItemGroup>
    <ResourceCompile Include="Terraria.rc">
      <Filter>Resource Files</Filter>
    </ResourceCompile>
  </ItemGroup>
  <ItemGroup>
    <Image Include="small.ico">
      <Filter>Resource Files</Filter>
    </Image>
    <Image Include="Terraria.ico">
      <Filter>Resource Files</Filter>
    </Image>
  </ItemGroup>
</Project>