<?xml version="1.0" encoding="utf-8"?>
<Project ToolsVersion="4.0" xmlns="http://schemas.microsoft.com/developer/msbuild/2003">
  <ItemGroup>
    <Filter Include="Source Files">
      <UniqueIdentifier>{4FC737F1-C7A5-4376-A066-2A32D752A2FF}</UniqueIdentifier>
      <Extensions>cpp;c;cc;cxx;c++;cppm;ixx;def;odl;idl;hpj;bat;asm;asmx</Extensions>
    </Filter>
    <Filter Include="Resource Files">
      <UniqueIdentifier>{67DA6AB6-F800-4c08-8B7A-83BB121AAD01}</UniqueIdentifier>
      <Extensions>rc;ico;cur;bmp;dlg;rc2;rct;bin;rgs;gif;jpg;jpeg;jpe;resx;tiff;tif;png;wav;mfcribbon-ms</Extensions>
    </Filter>
    <Filter Include="02.Manager">
      <UniqueIdentifier>{83cb2b6e-0a07-499c-92ce-68b389241ad8}</UniqueIdentifier>
    </Filter>
    <Filter Include="02.Manager\InputManager">
      <UniqueIdentifier>{9acc1b6f-db0d-4fbf-8edd-600839bf2196}</UniqueIdentifier>
    </Filter>
    <Filter Include="02.Manager\SceneManager">
      <UniqueIdentifier>{49973472-2200-493a-a392-fa24279c1c64}</UniqueIdentifier>
    </Filter>
    <Filter Include="03.Scene">
      <UniqueIdentifier>{bfc25e68-5094-45df-b0e1-a20126245f84}</UniqueIdentifier>
    </Filter>
    <Filter Include="04.Component">
      <UniqueIdentifier>{b6ea4fb6-8d7e-4301-9c20-bda2825da9e4}</UniqueIdentifier>
    </Filter>
    <Filter Include="04.Component\Animator">
      <UniqueIdentifier>{3f21ea6d-d3fa-43e6-97e0-c3e938c3a729}</UniqueIdentifier>
    </Filter>
    <Filter Include="04.Component\Animator\Animation">
      <UniqueIdentifier>{bef01982-7616-44d8-8c6a-4a210ecd1c08}</UniqueIdentifier>
    </Filter>
    <Filter Include="Header Files">
      <UniqueIdentifier>{93995380-89BD-4b04-88EB-625FBE52EBFB}</UniqueIdentifier>
      <Extensions>h;hh;hpp;hxx;h++;hm;inl;inc;ipp;xsd</Extensions>
    </Filter>
    <Filter Include="03.Scene\Tool">
      <UniqueIdentifier>{15f02bd7-81c4-4f3c-808c-8ab93b12fa8c}</UniqueIdentifier>
    </Filter>
    <Filter Include="03.Scene\Tool\AnimationTool">
      <UniqueIdentifier>{908fee7b-531f-4d14-a6ae-f60d19b67de1}</UniqueIdentifier>
    </Filter>
    <Filter Include="03.Scene\Tool\AnimationMakerTool">
      <UniqueIdentifier>{f4ea99a6-8974-4302-9428-d3099b020b2b}</UniqueIdentifier>
    </Filter>
  </ItemGroup>
  <ItemGroup>
    <ClInclude Include="framework.h">
      <Filter>Header Files</Filter>
    </ClInclude>
    <ClInclude Include="targetver.h">
      <Filter>Header Files</Filter>
    </ClInclude>
    <ClInclude Include="Resource.h">
      <Filter>Header Files</Filter>
    </ClInclude>
    <ClInclude Include="Terraria.h">
      <Filter>Header Files</Filter>
    </ClInclude>
    <ClInclude Include="CInputMgr.h">
      <Filter>02.Manager\InputManager</Filter>
    </ClInclude>
    <ClInclude Include="pch.h" />
    <ClInclude Include="struct.h" />
    <ClInclude Include="define.h" />
    <ClInclude Include="CSceneMgr.h">
      <Filter>02.Manager\SceneManager</Filter>
    </ClInclude>
    <ClInclude Include="CAnimationTool.h">
      <Filter>03.Scene\Tool\AnimationTool</Filter>
    </ClInclude>
    <ClInclude Include="CScene.h">
      <Filter>03.Scene</Filter>
    </ClInclude>
    <ClInclude Include="CComponent.h">
      <Filter>04.Component</Filter>
    </ClInclude>
    <ClInclude Include="CAnimator.h">
      <Filter>04.Component\Animator</Filter>
    </ClInclude>
    <ClInclude Include="CAnimation.h">
      <Filter>04.Component\Animator\Animation</Filter>
    </ClInclude>
  </ItemGroup>
  <ItemGroup>
    <ClCompile Include="Terraria.cpp">
      <Filter>Source Files</Filter>
    </ClCompile>
    <ClCompile Include="CInputMgr.cpp">
      <Filter>02.Manager\InputManager</Filter>
    </ClCompile>
    <ClCompile Include="CSceneMgr.cpp">
      <Filter>02.Manager\SceneManager</Filter>
    </ClCompile>
    <ClCompile Include="CAnimationTool.cpp">
      <Filter>03.Scene\Tool\AnimationTool</Filter>
    </ClCompile>
    <ClCompile Include="CScene.cpp">
      <Filter>03.Scene</Filter>
    </ClCompile>
    <ClCompile Include="CComponent.cpp">
      <Filter>04.Component</Filter>
    </ClCompile>
    <ClCompile Include="CAnimator.cpp">
      <Filter>04.Component\Animator</Filter>
    </ClCompile>
    <ClCompile Include="CAnimation.cpp">
      <Filter>04.Component\Animator\Animation</Filter>
    </ClCompile>
  </ItemGroup>
  <ItemGroup>
    <ResourceCompile Include="Terraria.rc">
      <Filter>Resource Files</Filter>
    </ResourceCompile>
  </ItemGroup>
  <ItemGroup>
    <Image Include="small.ico">
      <Filter>Resource Files</Filter>
    </Image>
    <Image Include="Terraria.ico">
      <Filter>Resource Files</Filter>
    </Image>
  </ItemGroup>
</Project>